
Microsoft Visual Studio Solution File, Format Version 12.00
# Visual Studio Version 17
VisualStudioVersion = 17.0.31903.59
MinimumVisualStudioVersion = 10.0.40219.1
Project("{FAE04EC0-301F-11D3-BF4B-00C04F79EFBC}") = "Bank.Domain", "Bank.Domain\Bank.Domain.csproj", "{108B8C6B-A2DE-4958-B972-B67D153449E4}"
EndProject
Project("{FAE04EC0-301F-11D3-BF4B-00C04F79EFBC}") = "Bank.Domain.Tests", "Bank.Domain.Tests\Bank.Domain.Tests.csproj", "{47BADC33-FCCE-4CDE-AD8D-7B264FB19763}"
EndProject
Global
	GlobalSection(SolutionConfigurationPlatforms) = preSolution
		Debug|Any CPU = Debug|Any CPU
		Release|Any CPU = Release|Any CPU
	EndGlobalSection
	GlobalSection(SolutionProperties) = preSolution
		HideSolutionNode = FALSE
	EndGlobalSection
	GlobalSection(ProjectConfigurationPlatforms) = postSolution
		{108B8C6B-A2DE-4958-B972-B67D153449E4}.Debug|Any CPU.ActiveCfg = Debug|Any CPU
		{108B8C6B-A2DE-4958-B972-B67D153449E4}.Debug|Any CPU.Build.0 = Debug|Any CPU
		{108B8C6B-A2DE-4958-B972-B67D153449E4}.Release|Any CPU.ActiveCfg = Release|Any CPU
		{108B8C6B-A2DE-4958-B972-B67D153449E4}.Release|Any CPU.Build.0 = Release|Any CPU
		{47BADC33-FCCE-4CDE-AD8D-7B264FB19763}.Debug|Any CPU.ActiveCfg = Debug|Any CPU
		{47BADC33-FCCE-4CDE-AD8D-7B264FB19763}.Debug|Any CPU.Build.0 = Debug|Any CPU
		{47BADC33-FCCE-4CDE-AD8D-7B264FB19763}.Release|Any CPU.ActiveCfg = Release|Any CPU
		{47BADC33-FCCE-4CDE-AD8D-7B264FB19763}.Release|Any CPU.Build.0 = Release|Any CPU
	EndGlobalSection
EndGlobal
